
Microsoft Visual Studio Solution File, Format Version 12.00
# Visual Studio 15
VisualStudioVersion = 15.0.28010.0
MinimumVisualStudioVersion = 10.0.40219.1
Project("{8BC9CEB8-8B4A-11D0-8D11-00A0C91BC942}") = "LAYOUT_4", "LAYOUT_4\LAYOUT_4.vcxproj", "{1990775B-EE02-4FF0-AF88-32A5B37EDB9E}"
EndProject
Global
	GlobalSection(SolutionConfigurationPlatforms) = preSolution
		Debug|x64 = Debug|x64
		Debug|x86 = Debug|x86
		Release|x64 = Release|x64
		Release|x86 = Release|x86
	EndGlobalSection
	GlobalSection(ProjectConfigurationPlatforms) = postSolution
		{1990775B-EE02-4FF0-AF88-32A5B37EDB9E}.Debug|x64.ActiveCfg = Debug|x64
		{1990775B-EE02-4FF0-AF88-32A5B37EDB9E}.Debug|x64.Build.0 = Debug|x64
		{1990775B-EE02-4FF0-AF88-32A5B37EDB9E}.Debug|x86.ActiveCfg = Debug|Win32
		{1990775B-EE02-4FF0-AF88-32A5B37EDB9E}.Debug|x86.Build.0 = Debug|Win32
		{1990775B-EE02-4FF0-AF88-32A5B37EDB9E}.Release|x64.ActiveCfg = Release|x64
		{1990775B-EE02-4FF0-AF88-32A5B37EDB9E}.Release|x64.Build.0 = Release|x64
		{1990775B-EE02-4FF0-AF88-32A5B37EDB9E}.Release|x86.ActiveCfg = Release|Win32
		{1990775B-EE02-4FF0-AF88-32A5B37EDB9E}.Release|x86.Build.0 = Release|Win32
	EndGlobalSection
	GlobalSection(SolutionProperties) = preSolution
		HideSolutionNode = FALSE
	EndGlobalSection
	GlobalSection(ExtensibilityGlobals) = postSolution
		SolutionGuid = {90BCD419-C73E-4D7A-ADF1-F6D9B7A49F73}
	EndGlobalSection
EndGlobal
